
Microsoft Visual Studio Solution File, Format Version 12.00
# Visual Studio Version 17
VisualStudioVersion = 17.2.32630.192
MinimumVisualStudioVersion = 10.0.40219.1
Project("{FAE04EC0-301F-11D3-BF4B-00C04F79EFBC}") = "The Final Battle", "The Final Battle.csproj", "{06F52F25-2DB6-48D2-A963-EA4CE8B6C224}"
EndProject
Global
	GlobalSection(SolutionConfigurationPlatforms) = preSolution
		Debug|Any CPU = Debug|Any CPU
		Release|Any CPU = Release|Any CPU
	EndGlobalSection
	GlobalSection(ProjectConfigurationPlatforms) = postSolution
		{06F52F25-2DB6-48D2-A963-EA4CE8B6C224}.Debug|Any CPU.ActiveCfg = Debug|Any CPU
		{06F52F25-2DB6-48D2-A963-EA4CE8B6C224}.Debug|Any CPU.Build.0 = Debug|Any CPU
		{06F52F25-2DB6-48D2-A963-EA4CE8B6C224}.Release|Any CPU.ActiveCfg = Release|Any CPU
		{06F52F25-2DB6-48D2-A963-EA4CE8B6C224}.Release|Any CPU.Build.0 = Release|Any CPU
	EndGlobalSection
	GlobalSection(SolutionProperties) = preSolution
		HideSolutionNode = FALSE
	EndGlobalSection
	GlobalSection(ExtensibilityGlobals) = postSolution
		SolutionGuid = {46C8C02F-2AAD-4FF5-A28E-5A0069AEE8E0}
	EndGlobalSection
EndGlobal
